
Microsoft Visual Studio Solution File, Format Version 12.00
# Visual Studio Version 17
VisualStudioVersion = 17.5.33530.505
MinimumVisualStudioVersion = 10.0.40219.1
Project("{FAE04EC0-301F-11D3-BF4B-00C04F79EFBC}") = "TestCSExam", "TestCSExam.csproj", "{7D718C9C-4028-4C08-893F-0FEC1C4B9637}"
EndProject
Global
	GlobalSection(SolutionConfigurationPlatforms) = preSolution
		Debug|Any CPU = Debug|Any CPU
		Release|Any CPU = Release|Any CPU
	EndGlobalSection
	GlobalSection(ProjectConfigurationPlatforms) = postSolution
		{7D718C9C-4028-4C08-893F-0FEC1C4B9637}.Debug|Any CPU.ActiveCfg = Debug|Any CPU
		{7D718C9C-4028-4C08-893F-0FEC1C4B9637}.Debug|Any CPU.Build.0 = Debug|Any CPU
		{7D718C9C-4028-4C08-893F-0FEC1C4B9637}.Release|Any CPU.ActiveCfg = Release|Any CPU
		{7D718C9C-4028-4C08-893F-0FEC1C4B9637}.Release|Any CPU.Build.0 = Release|Any CPU
	EndGlobalSection
	GlobalSection(SolutionProperties) = preSolution
		HideSolutionNode = FALSE
	EndGlobalSection
	GlobalSection(ExtensibilityGlobals) = postSolution
		SolutionGuid = {BDF99ADF-D6ED-4BFB-A2B0-3DEA4C24FA4F}
	EndGlobalSection
EndGlobal
